
Microsoft Visual Studio Solution File, Format Version 12.00
# Visual Studio Version 17
VisualStudioVersion = 17.3.32901.215
MinimumVisualStudioVersion = 10.0.40219.1
Project("{FAE04EC0-301F-11D3-BF4B-00C04F79EFBC}") = "Uppgift1.Client", "Datakommunikation-Upgift-1\Uppgift1.Client.csproj", "{6E39803F-5C66-4E90-8BB5-21B50E83EE82}"
EndProject
Project("{FAE04EC0-301F-11D3-BF4B-00C04F79EFBC}") = "Uppgift1.Server", "Datakommunikation-Uppgift-1-Server\Uppgift1.Server.csproj", "{64C35FA8-1869-4D9E-A3CA-196F623F8B3A}"
EndProject
Global
	GlobalSection(SolutionConfigurationPlatforms) = preSolution
		Debug|Any CPU = Debug|Any CPU
		Release|Any CPU = Release|Any CPU
	EndGlobalSection
	GlobalSection(ProjectConfigurationPlatforms) = postSolution
		{6E39803F-5C66-4E90-8BB5-21B50E83EE82}.Debug|Any CPU.ActiveCfg = Debug|Any CPU
		{6E39803F-5C66-4E90-8BB5-21B50E83EE82}.Debug|Any CPU.Build.0 = Debug|Any CPU
		{6E39803F-5C66-4E90-8BB5-21B50E83EE82}.Release|Any CPU.ActiveCfg = Release|Any CPU
		{6E39803F-5C66-4E90-8BB5-21B50E83EE82}.Release|Any CPU.Build.0 = Release|Any CPU
		{64C35FA8-1869-4D9E-A3CA-196F623F8B3A}.Debug|Any CPU.ActiveCfg = Debug|Any CPU
		{64C35FA8-1869-4D9E-A3CA-196F623F8B3A}.Debug|Any CPU.Build.0 = Debug|Any CPU
		{64C35FA8-1869-4D9E-A3CA-196F623F8B3A}.Release|Any CPU.ActiveCfg = Release|Any CPU
		{64C35FA8-1869-4D9E-A3CA-196F623F8B3A}.Release|Any CPU.Build.0 = Release|Any CPU
	EndGlobalSection
	GlobalSection(SolutionProperties) = preSolution
		HideSolutionNode = FALSE
	EndGlobalSection
	GlobalSection(ExtensibilityGlobals) = postSolution
		SolutionGuid = {DBDF0F83-919C-4C44-9A49-1CC854D9D970}
	EndGlobalSection
EndGlobal
